
Microsoft Visual Studio Solution File, Format Version 12.00
# Visual Studio 2012
Project("{FAE04EC0-301F-11D3-BF4B-00C04F79EFBC}") = "Spacey", "Spacey\Spacey\Spacey.csproj", "{C794F5A6-AE8B-487D-A6E4-53B5CC25D697}"
EndProject
Project("{FAE04EC0-301F-11D3-BF4B-00C04F79EFBC}") = "SpaceyContent", "Spacey\SpaceyContent\SpaceyContent.contentproj", "{CDAD3E62-01BD-4538-B2CD-AF57E732673A}"
EndProject
Project("{2150E333-8FDC-42A3-9474-1A3956D46DE8}") = "Solution Items", "Solution Items", "{6E593A69-7EFA-4485-9F56-526ABB540493}"
EndProject
Global
	GlobalSection(SolutionConfigurationPlatforms) = preSolution
		Debug|x86 = Debug|x86
		Release|x86 = Release|x86
	EndGlobalSection
	GlobalSection(ProjectConfigurationPlatforms) = postSolution
		{C794F5A6-AE8B-487D-A6E4-53B5CC25D697}.Debug|x86.ActiveCfg = Debug|x86
		{C794F5A6-AE8B-487D-A6E4-53B5CC25D697}.Debug|x86.Build.0 = Debug|x86
		{C794F5A6-AE8B-487D-A6E4-53B5CC25D697}.Release|x86.ActiveCfg = Release|x86
		{C794F5A6-AE8B-487D-A6E4-53B5CC25D697}.Release|x86.Build.0 = Release|x86
		{CDAD3E62-01BD-4538-B2CD-AF57E732673A}.Debug|x86.ActiveCfg = Debug|x86
		{CDAD3E62-01BD-4538-B2CD-AF57E732673A}.Release|x86.ActiveCfg = Release|x86
	EndGlobalSection
	GlobalSection(SolutionProperties) = preSolution
		HideSolutionNode = FALSE
	EndGlobalSection
EndGlobal
